
Microsoft Visual Studio Solution File, Format Version 12.00
# Visual Studio Version 16
VisualStudioVersion = 16.0.29613.14
MinimumVisualStudioVersion = 10.0.40219.1
Project("{9A19103F-16F7-4668-BE54-9A1E7A4F7556}") = "ApiClientes", "ApiClientes\ApiClientes.csproj", "{62A7E1A3-705F-4DB2-85CE-D6B890C1FD49}"
EndProject
Global
	GlobalSection(SolutionConfigurationPlatforms) = preSolution
		Debug|Any CPU = Debug|Any CPU
		Release|Any CPU = Release|Any CPU
	EndGlobalSection
	GlobalSection(ProjectConfigurationPlatforms) = postSolution
		{62A7E1A3-705F-4DB2-85CE-D6B890C1FD49}.Debug|Any CPU.ActiveCfg = Debug|Any CPU
		{62A7E1A3-705F-4DB2-85CE-D6B890C1FD49}.Debug|Any CPU.Build.0 = Debug|Any CPU
		{62A7E1A3-705F-4DB2-85CE-D6B890C1FD49}.Release|Any CPU.ActiveCfg = Release|Any CPU
		{62A7E1A3-705F-4DB2-85CE-D6B890C1FD49}.Release|Any CPU.Build.0 = Release|Any CPU
	EndGlobalSection
	GlobalSection(SolutionProperties) = preSolution
		HideSolutionNode = FALSE
	EndGlobalSection
	GlobalSection(ExtensibilityGlobals) = postSolution
		SolutionGuid = {5ABC454C-626A-4F64-8EE9-E199B54AB838}
	EndGlobalSection
EndGlobal
